// !$*UTF8*$!
{
	archiveVersion = 1;
	classes = {
	};
	objectVersion = 51;
	objects = {

/* Begin PBXBuildFile section */
		B4BE7509B6FCEAD196563608 /* Pods_RxSwift_MVVM.framework in Frameworks */ = {isa = PBXBuildFile; fileRef = 186A3B7D6AC126945F949417 /* Pods_RxSwift_MVVM.framework */; };
		C50C5D75256D04FD0024D3C9 /* UserDefaultService.swift in Sources */ = {isa = PBXBuildFile; fileRef = C50C5D74256D04FD0024D3C9 /* UserDefaultService.swift */; };
		C51E7B44257FAAD7003C9BED /* DIContainer.swift in Sources */ = {isa = PBXBuildFile; fileRef = C51E7B43257FAAD7003C9BED /* DIContainer.swift */; };
		C51E7B4D257FAC73003C9BED /* Protocols.swift in Sources */ = {isa = PBXBuildFile; fileRef = C51E7B4C257FAC73003C9BED /* Protocols.swift */; };
		C51E7B52257FAFDA003C9BED /* OnboardingRouter.swift in Sources */ = {isa = PBXBuildFile; fileRef = C51E7B51257FAFDA003C9BED /* OnboardingRouter.swift */; };
		C51E7B55257FAFE9003C9BED /* OnboardingModel.swift in Sources */ = {isa = PBXBuildFile; fileRef = C51E7B54257FAFE9003C9BED /* OnboardingModel.swift */; };
		C51E7B6D257FB662003C9BED /* RxSwift_MVVMTests.swift in Sources */ = {isa = PBXBuildFile; fileRef = C51E7B6C257FB662003C9BED /* RxSwift_MVVMTests.swift */; };
		C53251FC256B991B0060206F /* AuthorizationModel.swift in Sources */ = {isa = PBXBuildFile; fileRef = C53251FB256B991B0060206F /* AuthorizationModel.swift */; };
		C532520C256B9DA40060206F /* AuthorizationViewModel.swift in Sources */ = {isa = PBXBuildFile; fileRef = C532520B256B9DA40060206F /* AuthorizationViewModel.swift */; };
		C5325216256BA7210060206F /* RegistrationViewController.swift in Sources */ = {isa = PBXBuildFile; fileRef = C5325215256BA7210060206F /* RegistrationViewController.swift */; };
		C532521E256BA7870060206F /* RegistrationModel.swift in Sources */ = {isa = PBXBuildFile; fileRef = C532521D256BA7870060206F /* RegistrationModel.swift */; };
		C5325221256BA8410060206F /* RegistrationViewModel.swift in Sources */ = {isa = PBXBuildFile; fileRef = C5325220256BA8410060206F /* RegistrationViewModel.swift */; };
		C53DB966256C1277004C5988 /* OnboardingViewController.swift in Sources */ = {isa = PBXBuildFile; fileRef = C53DB965256C1277004C5988 /* OnboardingViewController.swift */; };
		C53DB96C256C12EB004C5988 /* OnboardingViewModel.swift in Sources */ = {isa = PBXBuildFile; fileRef = C53DB96B256C12EB004C5988 /* OnboardingViewModel.swift */; };
		C54255082570D4BE00E5904A /* Launcher.swift in Sources */ = {isa = PBXBuildFile; fileRef = C54255072570D4BE00E5904A /* Launcher.swift */; };
		C56296E92569084400A79A93 /* AppDelegate.swift in Sources */ = {isa = PBXBuildFile; fileRef = C56296E82569084400A79A93 /* AppDelegate.swift */; };
		C56296EB2569084400A79A93 /* SceneDelegate.swift in Sources */ = {isa = PBXBuildFile; fileRef = C56296EA2569084400A79A93 /* SceneDelegate.swift */; };
		C56296ED2569084400A79A93 /* AuthorizationViewController.swift in Sources */ = {isa = PBXBuildFile; fileRef = C56296EC2569084400A79A93 /* AuthorizationViewController.swift */; };
		C56296F22569084400A79A93 /* Assets.xcassets in Resources */ = {isa = PBXBuildFile; fileRef = C56296F12569084400A79A93 /* Assets.xcassets */; };
		C56296F52569084400A79A93 /* LaunchScreen.storyboard in Resources */ = {isa = PBXBuildFile; fileRef = C56296F32569084400A79A93 /* LaunchScreen.storyboard */; };
		C5D603B1256E594400EC6DEA /* RegistrationRouter.swift in Sources */ = {isa = PBXBuildFile; fileRef = C5D603B0256E594400EC6DEA /* RegistrationRouter.swift */; };
		C5D603B7256EA4E400EC6DEA /* AuthorizationRouter.swift in Sources */ = {isa = PBXBuildFile; fileRef = C5D603B6256EA4E400EC6DEA /* AuthorizationRouter.swift */; };
		C5D7D1BB2580BF2B0006BB87 /* Onboarding.xib in Resources */ = {isa = PBXBuildFile; fileRef = C5D7D1BA2580BF2B0006BB87 /* Onboarding.xib */; };
		C5D7D1D12580FC1C0006BB87 /* Authorization.xib in Resources */ = {isa = PBXBuildFile; fileRef = C5D7D1D02580FC1C0006BB87 /* Authorization.xib */; };
		C5D7D1D52580FC9B0006BB87 /* Registration.xib in Resources */ = {isa = PBXBuildFile; fileRef = C5D7D1D42580FC9B0006BB87 /* Registration.xib */; };
		C5D7DEAD2581FFE500277A28 /* UserInfoTableViewCell.swift in Sources */ = {isa = PBXBuildFile; fileRef = C5D7DEAB2581FFE500277A28 /* UserInfoTableViewCell.swift */; };
		C5D7DEAE2581FFE500277A28 /* UserInfoTableViewCell.xib in Resources */ = {isa = PBXBuildFile; fileRef = C5D7DEAC2581FFE500277A28 /* UserInfoTableViewCell.xib */; };
		C5D7DEB92582048700277A28 /* ButtonsTableViewCell.swift in Sources */ = {isa = PBXBuildFile; fileRef = C5D7DEB72582048700277A28 /* ButtonsTableViewCell.swift */; };
		C5D7DEBA2582048700277A28 /* ButtonsTableViewCell.xib in Resources */ = {isa = PBXBuildFile; fileRef = C5D7DEB82582048700277A28 /* ButtonsTableViewCell.xib */; };
		C5D7DEC325820D7300277A28 /* TextTableViewCell.swift in Sources */ = {isa = PBXBuildFile; fileRef = C5D7DEC125820D7300277A28 /* TextTableViewCell.swift */; };
		C5D7DEC425820D7300277A28 /* TextTableViewCell.xib in Resources */ = {isa = PBXBuildFile; fileRef = C5D7DEC225820D7300277A28 /* TextTableViewCell.xib */; };
/* End PBXBuildFile section */

/* Begin PBXContainerItemProxy section */
		C51E7B6F257FB662003C9BED /* PBXContainerItemProxy */ = {
			isa = PBXContainerItemProxy;
			containerPortal = C56296DD2569084400A79A93 /* Project object */;
			proxyType = 1;
			remoteGlobalIDString = C56296E42569084400A79A93;
			remoteInfo = "RxSwift+MVVM";
		};
/* End PBXContainerItemProxy section */

/* Begin PBXFileReference section */
		13CED7E85E5D2598DECDC4FB /* Pods-RxSwift+MVVM.release.xcconfig */ = {isa = PBXFileReference; includeInIndex = 1; lastKnownFileType = text.xcconfig; name = "Pods-RxSwift+MVVM.release.xcconfig"; path = "Target Support Files/Pods-RxSwift+MVVM/Pods-RxSwift+MVVM.release.xcconfig"; sourceTree = "<group>"; };
		186A3B7D6AC126945F949417 /* Pods_RxSwift_MVVM.framework */ = {isa = PBXFileReference; explicitFileType = wrapper.framework; includeInIndex = 0; path = Pods_RxSwift_MVVM.framework; sourceTree = BUILT_PRODUCTS_DIR; };
		7259B041061235DE214D5642 /* Pods-RxSwift+MVVM.debug.xcconfig */ = {isa = PBXFileReference; includeInIndex = 1; lastKnownFileType = text.xcconfig; name = "Pods-RxSwift+MVVM.debug.xcconfig"; path = "Target Support Files/Pods-RxSwift+MVVM/Pods-RxSwift+MVVM.debug.xcconfig"; sourceTree = "<group>"; };
		C50C5D74256D04FD0024D3C9 /* UserDefaultService.swift */ = {isa = PBXFileReference; lastKnownFileType = sourcecode.swift; path = UserDefaultService.swift; sourceTree = "<group>"; };
		C51E7B43257FAAD7003C9BED /* DIContainer.swift */ = {isa = PBXFileReference; lastKnownFileType = sourcecode.swift; path = DIContainer.swift; sourceTree = "<group>"; };
		C51E7B4C257FAC73003C9BED /* Protocols.swift */ = {isa = PBXFileReference; lastKnownFileType = sourcecode.swift; path = Protocols.swift; sourceTree = "<group>"; };
		C51E7B51257FAFDA003C9BED /* OnboardingRouter.swift */ = {isa = PBXFileReference; lastKnownFileType = sourcecode.swift; path = OnboardingRouter.swift; sourceTree = "<group>"; };
		C51E7B54257FAFE9003C9BED /* OnboardingModel.swift */ = {isa = PBXFileReference; lastKnownFileType = sourcecode.swift; path = OnboardingModel.swift; sourceTree = "<group>"; };
		C51E7B6A257FB662003C9BED /* RxSwift+MVVMTests.xctest */ = {isa = PBXFileReference; explicitFileType = wrapper.cfbundle; includeInIndex = 0; path = "RxSwift+MVVMTests.xctest"; sourceTree = BUILT_PRODUCTS_DIR; };
		C51E7B6C257FB662003C9BED /* RxSwift_MVVMTests.swift */ = {isa = PBXFileReference; lastKnownFileType = sourcecode.swift; path = RxSwift_MVVMTests.swift; sourceTree = "<group>"; };
		C51E7B6E257FB662003C9BED /* Info.plist */ = {isa = PBXFileReference; lastKnownFileType = text.plist.xml; path = Info.plist; sourceTree = "<group>"; };
		C53251FB256B991B0060206F /* AuthorizationModel.swift */ = {isa = PBXFileReference; lastKnownFileType = sourcecode.swift; path = AuthorizationModel.swift; sourceTree = "<group>"; };
		C532520B256B9DA40060206F /* AuthorizationViewModel.swift */ = {isa = PBXFileReference; lastKnownFileType = sourcecode.swift; path = AuthorizationViewModel.swift; sourceTree = "<group>"; };
		C5325215256BA7210060206F /* RegistrationViewController.swift */ = {isa = PBXFileReference; lastKnownFileType = sourcecode.swift; path = RegistrationViewController.swift; sourceTree = "<group>"; };
		C532521D256BA7870060206F /* RegistrationModel.swift */ = {isa = PBXFileReference; lastKnownFileType = sourcecode.swift; path = RegistrationModel.swift; sourceTree = "<group>"; };
		C5325220256BA8410060206F /* RegistrationViewModel.swift */ = {isa = PBXFileReference; lastKnownFileType = sourcecode.swift; path = RegistrationViewModel.swift; sourceTree = "<group>"; };
		C53DB965256C1277004C5988 /* OnboardingViewController.swift */ = {isa = PBXFileReference; lastKnownFileType = sourcecode.swift; path = OnboardingViewController.swift; sourceTree = "<group>"; };
		C53DB96B256C12EB004C5988 /* OnboardingViewModel.swift */ = {isa = PBXFileReference; lastKnownFileType = sourcecode.swift; path = OnboardingViewModel.swift; sourceTree = "<group>"; };
		C54255072570D4BE00E5904A /* Launcher.swift */ = {isa = PBXFileReference; lastKnownFileType = sourcecode.swift; path = Launcher.swift; sourceTree = "<group>"; };
		C56296E52569084400A79A93 /* RxSwift+MVVM.app */ = {isa = PBXFileReference; explicitFileType = wrapper.application; includeInIndex = 0; path = "RxSwift+MVVM.app"; sourceTree = BUILT_PRODUCTS_DIR; };
		C56296E82569084400A79A93 /* AppDelegate.swift */ = {isa = PBXFileReference; lastKnownFileType = sourcecode.swift; path = AppDelegate.swift; sourceTree = "<group>"; };
		C56296EA2569084400A79A93 /* SceneDelegate.swift */ = {isa = PBXFileReference; lastKnownFileType = sourcecode.swift; path = SceneDelegate.swift; sourceTree = "<group>"; };
		C56296EC2569084400A79A93 /* AuthorizationViewController.swift */ = {isa = PBXFileReference; lastKnownFileType = sourcecode.swift; path = AuthorizationViewController.swift; sourceTree = "<group>"; };
		C56296F12569084400A79A93 /* Assets.xcassets */ = {isa = PBXFileReference; lastKnownFileType = folder.assetcatalog; path = Assets.xcassets; sourceTree = "<group>"; };
		C56296F42569084400A79A93 /* Base */ = {isa = PBXFileReference; lastKnownFileType = file.storyboard; name = Base; path = Base.lproj/LaunchScreen.storyboard; sourceTree = "<group>"; };
		C56296F62569084400A79A93 /* Info.plist */ = {isa = PBXFileReference; lastKnownFileType = text.plist.xml; path = Info.plist; sourceTree = "<group>"; };
		C5D603B0256E594400EC6DEA /* RegistrationRouter.swift */ = {isa = PBXFileReference; lastKnownFileType = sourcecode.swift; path = RegistrationRouter.swift; sourceTree = "<group>"; };
		C5D603B6256EA4E400EC6DEA /* AuthorizationRouter.swift */ = {isa = PBXFileReference; lastKnownFileType = sourcecode.swift; path = AuthorizationRouter.swift; sourceTree = "<group>"; };
		C5D7D1BA2580BF2B0006BB87 /* Onboarding.xib */ = {isa = PBXFileReference; lastKnownFileType = file.xib; path = Onboarding.xib; sourceTree = "<group>"; };
		C5D7D1D02580FC1C0006BB87 /* Authorization.xib */ = {isa = PBXFileReference; lastKnownFileType = file.xib; path = Authorization.xib; sourceTree = "<group>"; };
		C5D7D1D42580FC9B0006BB87 /* Registration.xib */ = {isa = PBXFileReference; lastKnownFileType = file.xib; path = Registration.xib; sourceTree = "<group>"; };
		C5D7DEAB2581FFE500277A28 /* UserInfoTableViewCell.swift */ = {isa = PBXFileReference; lastKnownFileType = sourcecode.swift; path = UserInfoTableViewCell.swift; sourceTree = "<group>"; };
		C5D7DEAC2581FFE500277A28 /* UserInfoTableViewCell.xib */ = {isa = PBXFileReference; lastKnownFileType = file.xib; path = UserInfoTableViewCell.xib; sourceTree = "<group>"; };
		C5D7DEB72582048700277A28 /* ButtonsTableViewCell.swift */ = {isa = PBXFileReference; lastKnownFileType = sourcecode.swift; path = ButtonsTableViewCell.swift; sourceTree = "<group>"; };
		C5D7DEB82582048700277A28 /* ButtonsTableViewCell.xib */ = {isa = PBXFileReference; lastKnownFileType = file.xib; path = ButtonsTableViewCell.xib; sourceTree = "<group>"; };
		C5D7DEC125820D7300277A28 /* TextTableViewCell.swift */ = {isa = PBXFileReference; lastKnownFileType = sourcecode.swift; path = TextTableViewCell.swift; sourceTree = "<group>"; };
		C5D7DEC225820D7300277A28 /* TextTableViewCell.xib */ = {isa = PBXFileReference; lastKnownFileType = file.xib; path = TextTableViewCell.xib; sourceTree = "<group>"; };
/* End PBXFileReference section */

/* Begin PBXFrameworksBuildPhase section */
		C51E7B67257FB662003C9BED /* Frameworks */ = {
			isa = PBXFrameworksBuildPhase;
			buildActionMask = 2147483647;
			files = (
			);
			runOnlyForDeploymentPostprocessing = 0;
		};
		C56296E22569084400A79A93 /* Frameworks */ = {
			isa = PBXFrameworksBuildPhase;
			buildActionMask = 2147483647;
			files = (
				B4BE7509B6FCEAD196563608 /* Pods_RxSwift_MVVM.framework in Frameworks */,
			);
			runOnlyForDeploymentPostprocessing = 0;
		};
/* End PBXFrameworksBuildPhase section */

/* Begin PBXGroup section */
		0012DD40A3CAB9A6A3D0699E /* Pods */ = {
			isa = PBXGroup;
			children = (
				7259B041061235DE214D5642 /* Pods-RxSwift+MVVM.debug.xcconfig */,
				13CED7E85E5D2598DECDC4FB /* Pods-RxSwift+MVVM.release.xcconfig */,
			);
			path = Pods;
			sourceTree = "<group>";
		};
		C50C5D71256D024F0024D3C9 /* Router */ = {
			isa = PBXGroup;
			children = (
				C5D603B6256EA4E400EC6DEA /* AuthorizationRouter.swift */,
			);
			path = Router;
			sourceTree = "<group>";
		};
		C50C5D72256D025B0024D3C9 /* Router */ = {
			isa = PBXGroup;
			children = (
				C5D603B0256E594400EC6DEA /* RegistrationRouter.swift */,
			);
			path = Router;
			sourceTree = "<group>";
		};
		C50C5D73256D04C30024D3C9 /* Service */ = {
			isa = PBXGroup;
			children = (
				C51E7B43257FAAD7003C9BED /* DIContainer.swift */,
				C50C5D74256D04FD0024D3C9 /* UserDefaultService.swift */,
			);
			name = Service;
			path = RegistrationModule;
			sourceTree = "<group>";
		};
		C51E7B50257FAFC1003C9BED /* Router */ = {
			isa = PBXGroup;
			children = (
				C51E7B51257FAFDA003C9BED /* OnboardingRouter.swift */,
			);
			path = Router;
			sourceTree = "<group>";
		};
		C51E7B6B257FB662003C9BED /* RxSwift+MVVMTests */ = {
			isa = PBXGroup;
			children = (
				C51E7B6C257FB662003C9BED /* RxSwift_MVVMTests.swift */,
				C51E7B6E257FB662003C9BED /* Info.plist */,
			);
			path = "RxSwift+MVVMTests";
			sourceTree = "<group>";
		};
		C53251F6256B95660060206F /* AuthorizationModule */ = {
			isa = PBXGroup;
			children = (
				C56296FD256908C200A79A93 /* Model */,
				C56296FF256908D400A79A93 /* ViewModel */,
				C56296FE256908CD00A79A93 /* View */,
				C50C5D71256D024F0024D3C9 /* Router */,
			);
			path = AuthorizationModule;
			sourceTree = "<group>";
		};
		C5325211256BA6C10060206F /* RegistrationModule */ = {
			isa = PBXGroup;
			children = (
				C5325212256BA6D80060206F /* Model */,
				C5325214256BA6EE0060206F /* ViewModel */,
				C5325213256BA6E70060206F /* View */,
				C50C5D72256D025B0024D3C9 /* Router */,
			);
			path = RegistrationModule;
			sourceTree = "<group>";
		};
		C5325212256BA6D80060206F /* Model */ = {
			isa = PBXGroup;
			children = (
				C532521D256BA7870060206F /* RegistrationModel.swift */,
			);
			path = Model;
			sourceTree = "<group>";
		};
		C5325213256BA6E70060206F /* View */ = {
			isa = PBXGroup;
			children = (
				C5325215256BA7210060206F /* RegistrationViewController.swift */,
				C5D7D1D42580FC9B0006BB87 /* Registration.xib */,
			);
			path = View;
			sourceTree = "<group>";
		};
		C5325214256BA6EE0060206F /* ViewModel */ = {
			isa = PBXGroup;
			children = (
				C5325220256BA8410060206F /* RegistrationViewModel.swift */,
			);
			path = ViewModel;
			sourceTree = "<group>";
		};
		C53DB961256C11FA004C5988 /* Onboarding */ = {
			isa = PBXGroup;
			children = (
				C53DB962256C1239004C5988 /* Model */,
				C53DB964256C1255004C5988 /* View */,
				C53DB963256C1244004C5988 /* ViewModel */,
				C51E7B50257FAFC1003C9BED /* Router */,
			);
			path = Onboarding;
			sourceTree = "<group>";
		};
		C53DB962256C1239004C5988 /* Model */ = {
			isa = PBXGroup;
			children = (
				C51E7B54257FAFE9003C9BED /* OnboardingModel.swift */,
			);
			path = Model;
			sourceTree = "<group>";
		};
		C53DB963256C1244004C5988 /* ViewModel */ = {
			isa = PBXGroup;
			children = (
				C53DB96B256C12EB004C5988 /* OnboardingViewModel.swift */,
			);
			path = ViewModel;
			sourceTree = "<group>";
		};
		C53DB964256C1255004C5988 /* View */ = {
			isa = PBXGroup;
			children = (
				C53DB965256C1277004C5988 /* OnboardingViewController.swift */,
				C5D7D1BA2580BF2B0006BB87 /* Onboarding.xib */,
				C5D7DEA42581F7EB00277A28 /* Cells */,
			);
			path = View;
			sourceTree = "<group>";
		};
		C54255062570D4A800E5904A /* Launcher */ = {
			isa = PBXGroup;
			children = (
				C54255072570D4BE00E5904A /* Launcher.swift */,
			);
			path = Launcher;
			sourceTree = "<group>";
		};
		C56296DC2569084400A79A93 = {
			isa = PBXGroup;
			children = (
				C56296E72569084400A79A93 /* RxSwift+MVVM */,
				C51E7B6B257FB662003C9BED /* RxSwift+MVVMTests */,
				C56296E62569084400A79A93 /* Products */,
				0012DD40A3CAB9A6A3D0699E /* Pods */,
				D98014321DB53CFF2622BC97 /* Frameworks */,
			);
			sourceTree = "<group>";
		};
		C56296E62569084400A79A93 /* Products */ = {
			isa = PBXGroup;
			children = (
				C56296E52569084400A79A93 /* RxSwift+MVVM.app */,
				C51E7B6A257FB662003C9BED /* RxSwift+MVVMTests.xctest */,
			);
			name = Products;
			sourceTree = "<group>";
		};
		C56296E72569084400A79A93 /* RxSwift+MVVM */ = {
			isa = PBXGroup;
			children = (
				C54255062570D4A800E5904A /* Launcher */,
				C50C5D73256D04C30024D3C9 /* Service */,
				C53251F6256B95660060206F /* AuthorizationModule */,
				C5325211256BA6C10060206F /* RegistrationModule */,
				C53DB961256C11FA004C5988 /* Onboarding */,
				C5629700256908EA00A79A93 /* App */,
			);
			path = "RxSwift+MVVM";
			sourceTree = "<group>";
		};
		C56296FD256908C200A79A93 /* Model */ = {
			isa = PBXGroup;
			children = (
				C53251FB256B991B0060206F /* AuthorizationModel.swift */,
			);
			path = Model;
			sourceTree = "<group>";
		};
		C56296FE256908CD00A79A93 /* View */ = {
			isa = PBXGroup;
			children = (
				C56296EC2569084400A79A93 /* AuthorizationViewController.swift */,
				C5D7D1D02580FC1C0006BB87 /* Authorization.xib */,
			);
			path = View;
			sourceTree = "<group>";
		};
		C56296FF256908D400A79A93 /* ViewModel */ = {
			isa = PBXGroup;
			children = (
				C532520B256B9DA40060206F /* AuthorizationViewModel.swift */,
			);
			path = ViewModel;
			sourceTree = "<group>";
		};
		C5629700256908EA00A79A93 /* App */ = {
			isa = PBXGroup;
			children = (
				C51E7B4C257FAC73003C9BED /* Protocols.swift */,
				C56296E82569084400A79A93 /* AppDelegate.swift */,
				C56296EA2569084400A79A93 /* SceneDelegate.swift */,
				C56296F12569084400A79A93 /* Assets.xcassets */,
				C56296F32569084400A79A93 /* LaunchScreen.storyboard */,
				C56296F62569084400A79A93 /* Info.plist */,
			);
			path = App;
			sourceTree = "<group>";
		};
		C5D7DEA42581F7EB00277A28 /* Cells */ = {
			isa = PBXGroup;
			children = (
				C5D7DEBD25820D3400277A28 /* UserInfoTableViewCell */,
				C5D7DEBE25820D4B00277A28 /* ButtonsTableViewCell */,
				C5D7DEC725820D7900277A28 /* TextTableViewCell */,
			);
			path = Cells;
			sourceTree = "<group>";
		};
		C5D7DEBD25820D3400277A28 /* UserInfoTableViewCell */ = {
			isa = PBXGroup;
			children = (
				C5D7DEAB2581FFE500277A28 /* UserInfoTableViewCell.swift */,
				C5D7DEAC2581FFE500277A28 /* UserInfoTableViewCell.xib */,
			);
			path = UserInfoTableViewCell;
			sourceTree = "<group>";
		};
		C5D7DEBE25820D4B00277A28 /* ButtonsTableViewCell */ = {
			isa = PBXGroup;
			children = (
				C5D7DEB72582048700277A28 /* ButtonsTableViewCell.swift */,
				C5D7DEB82582048700277A28 /* ButtonsTableViewCell.xib */,
			);
			path = ButtonsTableViewCell;
			sourceTree = "<group>";
		};
		C5D7DEC725820D7900277A28 /* TextTableViewCell */ = {
			isa = PBXGroup;
			children = (
				C5D7DEC125820D7300277A28 /* TextTableViewCell.swift */,
				C5D7DEC225820D7300277A28 /* TextTableViewCell.xib */,
			);
			path = TextTableViewCell;
			sourceTree = "<group>";
		};
		D98014321DB53CFF2622BC97 /* Frameworks */ = {
			isa = PBXGroup;
			children = (
				186A3B7D6AC126945F949417 /* Pods_RxSwift_MVVM.framework */,
			);
			name = Frameworks;
			sourceTree = "<group>";
		};
/* End PBXGroup section */

/* Begin PBXNativeTarget section */
		C51E7B69257FB662003C9BED /* RxSwift+MVVMTests */ = {
			isa = PBXNativeTarget;
			buildConfigurationList = C51E7B71257FB662003C9BED /* Build configuration list for PBXNativeTarget "RxSwift+MVVMTests" */;
			buildPhases = (
				C51E7B66257FB662003C9BED /* Sources */,
				C51E7B67257FB662003C9BED /* Frameworks */,
				C51E7B68257FB662003C9BED /* Resources */,
			);
			buildRules = (
			);
			dependencies = (
				C51E7B70257FB662003C9BED /* PBXTargetDependency */,
			);
			name = "RxSwift+MVVMTests";
			productName = "RxSwift+MVVMTests";
			productReference = C51E7B6A257FB662003C9BED /* RxSwift+MVVMTests.xctest */;
			productType = "com.apple.product-type.bundle.unit-test";
		};
		C56296E42569084400A79A93 /* RxSwift+MVVM */ = {
			isa = PBXNativeTarget;
			buildConfigurationList = C56296F92569084400A79A93 /* Build configuration list for PBXNativeTarget "RxSwift+MVVM" */;
			buildPhases = (
				32D81EE761F0B103F43CD89C /* [CP] Check Pods Manifest.lock */,
				C56296E12569084400A79A93 /* Sources */,
				C56296E22569084400A79A93 /* Frameworks */,
				C56296E32569084400A79A93 /* Resources */,
				D7523BFA6340AE23D4B35FBD /* [CP] Embed Pods Frameworks */,
			);
			buildRules = (
			);
			dependencies = (
			);
			name = "RxSwift+MVVM";
			productName = "RxSwift+MVVM";
			productReference = C56296E52569084400A79A93 /* RxSwift+MVVM.app */;
			productType = "com.apple.product-type.application";
		};
/* End PBXNativeTarget section */

/* Begin PBXProject section */
		C56296DD2569084400A79A93 /* Project object */ = {
			isa = PBXProject;
			attributes = {
				LastSwiftUpdateCheck = 1220;
				LastUpgradeCheck = 1220;
				TargetAttributes = {
					C51E7B69257FB662003C9BED = {
						CreatedOnToolsVersion = 12.2;
						TestTargetID = C56296E42569084400A79A93;
					};
					C56296E42569084400A79A93 = {
						CreatedOnToolsVersion = 12.2;
					};
				};
			};
			buildConfigurationList = C56296E02569084400A79A93 /* Build configuration list for PBXProject "RxSwift+MVVM" */;
			compatibilityVersion = "Xcode 9.3";
			developmentRegion = en;
			hasScannedForEncodings = 0;
			knownRegions = (
				en,
				Base,
			);
			mainGroup = C56296DC2569084400A79A93;
			productRefGroup = C56296E62569084400A79A93 /* Products */;
			projectDirPath = "";
			projectRoot = "";
			targets = (
				C56296E42569084400A79A93 /* RxSwift+MVVM */,
				C51E7B69257FB662003C9BED /* RxSwift+MVVMTests */,
			);
		};
/* End PBXProject section */

/* Begin PBXResourcesBuildPhase section */
		C51E7B68257FB662003C9BED /* Resources */ = {
			isa = PBXResourcesBuildPhase;
			buildActionMask = 2147483647;
			files = (
			);
			runOnlyForDeploymentPostprocessing = 0;
		};
		C56296E32569084400A79A93 /* Resources */ = {
			isa = PBXResourcesBuildPhase;
			buildActionMask = 2147483647;
			files = (
				C56296F52569084400A79A93 /* LaunchScreen.storyboard in Resources */,
				C56296F22569084400A79A93 /* Assets.xcassets in Resources */,
				C5D7DEAE2581FFE500277A28 /* UserInfoTableViewCell.xib in Resources */,
				C5D7D1D12580FC1C0006BB87 /* Authorization.xib in Resources */,
				C5D7D1BB2580BF2B0006BB87 /* Onboarding.xib in Resources */,
				C5D7DEBA2582048700277A28 /* ButtonsTableViewCell.xib in Resources */,
				C5D7DEC425820D7300277A28 /* TextTableViewCell.xib in Resources */,
				C5D7D1D52580FC9B0006BB87 /* Registration.xib in Resources */,
			);
			runOnlyForDeploymentPostprocessing = 0;
		};
/* End PBXResourcesBuildPhase section */

/* Begin PBXShellScriptBuildPhase section */
		32D81EE761F0B103F43CD89C /* [CP] Check Pods Manifest.lock */ = {
			isa = PBXShellScriptBuildPhase;
			buildActionMask = 2147483647;
			files = (
			);
			inputFileListPaths = (
			);
			inputPaths = (
				"${PODS_PODFILE_DIR_PATH}/Podfile.lock",
				"${PODS_ROOT}/Manifest.lock",
			);
			name = "[CP] Check Pods Manifest.lock";
			outputFileListPaths = (
			);
			outputPaths = (
				"$(DERIVED_FILE_DIR)/Pods-RxSwift+MVVM-checkManifestLockResult.txt",
			);
			runOnlyForDeploymentPostprocessing = 0;
			shellPath = /bin/sh;
			shellScript = "diff \"${PODS_PODFILE_DIR_PATH}/Podfile.lock\" \"${PODS_ROOT}/Manifest.lock\" > /dev/null\nif [ $? != 0 ] ; then\n    # print error to STDERR\n    echo \"error: The sandbox is not in sync with the Podfile.lock. Run 'pod install' or update your CocoaPods installation.\" >&2\n    exit 1\nfi\n# This output is used by Xcode 'outputs' to avoid re-running this script phase.\necho \"SUCCESS\" > \"${SCRIPT_OUTPUT_FILE_0}\"\n";
			showEnvVarsInLog = 0;
		};
		D7523BFA6340AE23D4B35FBD /* [CP] Embed Pods Frameworks */ = {
			isa = PBXShellScriptBuildPhase;
			buildActionMask = 2147483647;
			files = (
			);
			inputFileListPaths = (
				"${PODS_ROOT}/Target Support Files/Pods-RxSwift+MVVM/Pods-RxSwift+MVVM-frameworks-${CONFIGURATION}-input-files.xcfilelist",
			);
			name = "[CP] Embed Pods Frameworks";
			outputFileListPaths = (
				"${PODS_ROOT}/Target Support Files/Pods-RxSwift+MVVM/Pods-RxSwift+MVVM-frameworks-${CONFIGURATION}-output-files.xcfilelist",
			);
			runOnlyForDeploymentPostprocessing = 0;
			shellPath = /bin/sh;
			shellScript = "\"${PODS_ROOT}/Target Support Files/Pods-RxSwift+MVVM/Pods-RxSwift+MVVM-frameworks.sh\"\n";
			showEnvVarsInLog = 0;
		};
/* End PBXShellScriptBuildPhase section */

/* Begin PBXSourcesBuildPhase section */
		C51E7B66257FB662003C9BED /* Sources */ = {
			isa = PBXSourcesBuildPhase;
			buildActionMask = 2147483647;
			files = (
				C51E7B6D257FB662003C9BED /* RxSwift_MVVMTests.swift in Sources */,
			);
			runOnlyForDeploymentPostprocessing = 0;
		};
		C56296E12569084400A79A93 /* Sources */ = {
			isa = PBXSourcesBuildPhase;
			buildActionMask = 2147483647;
			files = (
				C5325216256BA7210060206F /* RegistrationViewController.swift in Sources */,
				C50C5D75256D04FD0024D3C9 /* UserDefaultService.swift in Sources */,
				C532520C256B9DA40060206F /* AuthorizationViewModel.swift in Sources */,
				C5D7DEB92582048700277A28 /* ButtonsTableViewCell.swift in Sources */,
				C5D603B7256EA4E400EC6DEA /* AuthorizationRouter.swift in Sources */,
				C5D7DEAD2581FFE500277A28 /* UserInfoTableViewCell.swift in Sources */,
				C56296ED2569084400A79A93 /* AuthorizationViewController.swift in Sources */,
				C53251FC256B991B0060206F /* AuthorizationModel.swift in Sources */,
				C532521E256BA7870060206F /* RegistrationModel.swift in Sources */,
				C51E7B44257FAAD7003C9BED /* DIContainer.swift in Sources */,
				C53DB96C256C12EB004C5988 /* OnboardingViewModel.swift in Sources */,
				C5325221256BA8410060206F /* RegistrationViewModel.swift in Sources */,
				C54255082570D4BE00E5904A /* Launcher.swift in Sources */,
				C51E7B52257FAFDA003C9BED /* OnboardingRouter.swift in Sources */,
				C56296E92569084400A79A93 /* AppDelegate.swift in Sources */,
				C5D7DEC325820D7300277A28 /* TextTableViewCell.swift in Sources */,
				C53DB966256C1277004C5988 /* OnboardingViewController.swift in Sources */,
				C51E7B55257FAFE9003C9BED /* OnboardingModel.swift in Sources */,
				C56296EB2569084400A79A93 /* SceneDelegate.swift in Sources */,
				C5D603B1256E594400EC6DEA /* RegistrationRouter.swift in Sources */,
				C51E7B4D257FAC73003C9BED /* Protocols.swift in Sources */,
			);
			runOnlyForDeploymentPostprocessing = 0;
		};
/* End PBXSourcesBuildPhase section */

/* Begin PBXTargetDependency section */
		C51E7B70257FB662003C9BED /* PBXTargetDependency */ = {
			isa = PBXTargetDependency;
			target = C56296E42569084400A79A93 /* RxSwift+MVVM */;
			targetProxy = C51E7B6F257FB662003C9BED /* PBXContainerItemProxy */;
		};
/* End PBXTargetDependency section */

/* Begin PBXVariantGroup section */
		C56296F32569084400A79A93 /* LaunchScreen.storyboard */ = {
			isa = PBXVariantGroup;
			children = (
				C56296F42569084400A79A93 /* Base */,
			);
			name = LaunchScreen.storyboard;
			sourceTree = "<group>";
		};
/* End PBXVariantGroup section */

/* Begin XCBuildConfiguration section */
		C51E7B72257FB662003C9BED /* Debug */ = {
			isa = XCBuildConfiguration;
			buildSettings = {
				BUNDLE_LOADER = "$(TEST_HOST)";
				CODE_SIGN_STYLE = Automatic;
				INFOPLIST_FILE = "RxSwift+MVVMTests/Info.plist";
				LD_RUNPATH_SEARCH_PATHS = (
					"$(inherited)",
					"@executable_path/Frameworks",
					"@loader_path/Frameworks",
				);
				PRODUCT_BUNDLE_IDENTIFIER = "timur.RxSwift-MVVMTests";
				PRODUCT_NAME = "$(TARGET_NAME)";
				SWIFT_VERSION = 5.0;
				TARGETED_DEVICE_FAMILY = "1,2";
				TEST_HOST = "$(BUILT_PRODUCTS_DIR)/RxSwift+MVVM.app/RxSwift+MVVM";
			};
			name = Debug;
		};
		C51E7B73257FB662003C9BED /* Release */ = {
			isa = XCBuildConfiguration;
			buildSettings = {
				BUNDLE_LOADER = "$(TEST_HOST)";
				CODE_SIGN_STYLE = Automatic;
				INFOPLIST_FILE = "RxSwift+MVVMTests/Info.plist";
				LD_RUNPATH_SEARCH_PATHS = (
					"$(inherited)",
					"@executable_path/Frameworks",
					"@loader_path/Frameworks",
				);
				PRODUCT_BUNDLE_IDENTIFIER = "timur.RxSwift-MVVMTests";
				PRODUCT_NAME = "$(TARGET_NAME)";
				SWIFT_VERSION = 5.0;
				TARGETED_DEVICE_FAMILY = "1,2";
				TEST_HOST = "$(BUILT_PRODUCTS_DIR)/RxSwift+MVVM.app/RxSwift+MVVM";
			};
			name = Release;
		};
		C56296F72569084400A79A93 /* Debug */ = {
			isa = XCBuildConfiguration;
			buildSettings = {
				ALWAYS_SEARCH_USER_PATHS = NO;
				CLANG_ANALYZER_NONNULL = YES;
				CLANG_ANALYZER_NUMBER_OBJECT_CONVERSION = YES_AGGRESSIVE;
				CLANG_CXX_LANGUAGE_STANDARD = "gnu++14";
				CLANG_CXX_LIBRARY = "libc++";
				CLANG_ENABLE_MODULES = YES;
				CLANG_ENABLE_OBJC_ARC = YES;
				CLANG_ENABLE_OBJC_WEAK = YES;
				CLANG_WARN_BLOCK_CAPTURE_AUTORELEASING = YES;
				CLANG_WARN_BOOL_CONVERSION = YES;
				CLANG_WARN_COMMA = YES;
				CLANG_WARN_CONSTANT_CONVERSION = YES;
				CLANG_WARN_DEPRECATED_OBJC_IMPLEMENTATIONS = YES;
				CLANG_WARN_DIRECT_OBJC_ISA_USAGE = YES_ERROR;
				CLANG_WARN_DOCUMENTATION_COMMENTS = YES;
				CLANG_WARN_EMPTY_BODY = YES;
				CLANG_WARN_ENUM_CONVERSION = YES;
				CLANG_WARN_INFINITE_RECURSION = YES;
				CLANG_WARN_INT_CONVERSION = YES;
				CLANG_WARN_NON_LITERAL_NULL_CONVERSION = YES;
				CLANG_WARN_OBJC_IMPLICIT_RETAIN_SELF = YES;
				CLANG_WARN_OBJC_LITERAL_CONVERSION = YES;
				CLANG_WARN_OBJC_ROOT_CLASS = YES_ERROR;
				CLANG_WARN_QUOTED_INCLUDE_IN_FRAMEWORK_HEADER = YES;
				CLANG_WARN_RANGE_LOOP_ANALYSIS = YES;
				CLANG_WARN_STRICT_PROTOTYPES = YES;
				CLANG_WARN_SUSPICIOUS_MOVE = YES;
				CLANG_WARN_UNGUARDED_AVAILABILITY = YES_AGGRESSIVE;
				CLANG_WARN_UNREACHABLE_CODE = YES;
				CLANG_WARN__DUPLICATE_METHOD_MATCH = YES;
				COPY_PHASE_STRIP = NO;
				DEBUG_INFORMATION_FORMAT = dwarf;
				ENABLE_STRICT_OBJC_MSGSEND = YES;
				ENABLE_TESTABILITY = YES;
				GCC_C_LANGUAGE_STANDARD = gnu11;
				GCC_DYNAMIC_NO_PIC = NO;
				GCC_NO_COMMON_BLOCKS = YES;
				GCC_OPTIMIZATION_LEVEL = 0;
				GCC_PREPROCESSOR_DEFINITIONS = (
					"DEBUG=1",
					"$(inherited)",
				);
				GCC_WARN_64_TO_32_BIT_CONVERSION = YES;
				GCC_WARN_ABOUT_RETURN_TYPE = YES_ERROR;
				GCC_WARN_UNDECLARED_SELECTOR = YES;
				GCC_WARN_UNINITIALIZED_AUTOS = YES_AGGRESSIVE;
				GCC_WARN_UNUSED_FUNCTION = YES;
				GCC_WARN_UNUSED_VARIABLE = YES;
				IPHONEOS_DEPLOYMENT_TARGET = 14.2;
				MTL_ENABLE_DEBUG_INFO = INCLUDE_SOURCE;
				MTL_FAST_MATH = YES;
				ONLY_ACTIVE_ARCH = YES;
				SDKROOT = iphoneos;
				SWIFT_ACTIVE_COMPILATION_CONDITIONS = DEBUG;
				SWIFT_OPTIMIZATION_LEVEL = "-Onone";
			};
			name = Debug;
		};
		C56296F82569084400A79A93 /* Release */ = {
			isa = XCBuildConfiguration;
			buildSettings = {
				ALWAYS_SEARCH_USER_PATHS = NO;
				CLANG_ANALYZER_NONNULL = YES;
				CLANG_ANALYZER_NUMBER_OBJECT_CONVERSION = YES_AGGRESSIVE;
				CLANG_CXX_LANGUAGE_STANDARD = "gnu++14";
				CLANG_CXX_LIBRARY = "libc++";
				CLANG_ENABLE_MODULES = YES;
				CLANG_ENABLE_OBJC_ARC = YES;
				CLANG_ENABLE_OBJC_WEAK = YES;
				CLANG_WARN_BLOCK_CAPTURE_AUTORELEASING = YES;
				CLANG_WARN_BOOL_CONVERSION = YES;
				CLANG_WARN_COMMA = YES;
				CLANG_WARN_CONSTANT_CONVERSION = YES;
				CLANG_WARN_DEPRECATED_OBJC_IMPLEMENTATIONS = YES;
				CLANG_WARN_DIRECT_OBJC_ISA_USAGE = YES_ERROR;
				CLANG_WARN_DOCUMENTATION_COMMENTS = YES;
				CLANG_WARN_EMPTY_BODY = YES;
				CLANG_WARN_ENUM_CONVERSION = YES;
				CLANG_WARN_INFINITE_RECURSION = YES;
				CLANG_WARN_INT_CONVERSION = YES;
				CLANG_WARN_NON_LITERAL_NULL_CONVERSION = YES;
				CLANG_WARN_OBJC_IMPLICIT_RETAIN_SELF = YES;
				CLANG_WARN_OBJC_LITERAL_CONVERSION = YES;
				CLANG_WARN_OBJC_ROOT_CLASS = YES_ERROR;
				CLANG_WARN_QUOTED_INCLUDE_IN_FRAMEWORK_HEADER = YES;
				CLANG_WARN_RANGE_LOOP_ANALYSIS = YES;
				CLANG_WARN_STRICT_PROTOTYPES = YES;
				CLANG_WARN_SUSPICIOUS_MOVE = YES;
				CLANG_WARN_UNGUARDED_AVAILABILITY = YES_AGGRESSIVE;
				CLANG_WARN_UNREACHABLE_CODE = YES;
				CLANG_WARN__DUPLICATE_METHOD_MATCH = YES;
				COPY_PHASE_STRIP = NO;
				DEBUG_INFORMATION_FORMAT = "dwarf-with-dsym";
				ENABLE_NS_ASSERTIONS = NO;
				ENABLE_STRICT_OBJC_MSGSEND = YES;
				GCC_C_LANGUAGE_STANDARD = gnu11;
				GCC_NO_COMMON_BLOCKS = YES;
				GCC_WARN_64_TO_32_BIT_CONVERSION = YES;
				GCC_WARN_ABOUT_RETURN_TYPE = YES_ERROR;
				GCC_WARN_UNDECLARED_SELECTOR = YES;
				GCC_WARN_UNINITIALIZED_AUTOS = YES_AGGRESSIVE;
				GCC_WARN_UNUSED_FUNCTION = YES;
				GCC_WARN_UNUSED_VARIABLE = YES;
				IPHONEOS_DEPLOYMENT_TARGET = 14.2;
				MTL_ENABLE_DEBUG_INFO = NO;
				MTL_FAST_MATH = YES;
				SDKROOT = iphoneos;
				SWIFT_COMPILATION_MODE = wholemodule;
				SWIFT_OPTIMIZATION_LEVEL = "-O";
				VALIDATE_PRODUCT = YES;
			};
			name = Release;
		};
		C56296FA2569084400A79A93 /* Debug */ = {
			isa = XCBuildConfiguration;
			baseConfigurationReference = 7259B041061235DE214D5642 /* Pods-RxSwift+MVVM.debug.xcconfig */;
			buildSettings = {
				ASSETCATALOG_COMPILER_APPICON_NAME = AppIcon;
				ASSETCATALOG_COMPILER_GLOBAL_ACCENT_COLOR_NAME = AccentColor;
				CODE_SIGN_STYLE = Automatic;
				INFOPLIST_FILE = "RxSwift+MVVM/App/info.plist";
				LD_RUNPATH_SEARCH_PATHS = (
					"$(inherited)",
					"@executable_path/Frameworks",
				);
				PRODUCT_BUNDLE_IDENTIFIER = "timur.RxSwift-MVVM";
				PRODUCT_NAME = "$(TARGET_NAME)";
				SWIFT_VERSION = 5.0;
				TARGETED_DEVICE_FAMILY = "1,2";
			};
			name = Debug;
		};
		C56296FB2569084400A79A93 /* Release */ = {
			isa = XCBuildConfiguration;
			baseConfigurationReference = 13CED7E85E5D2598DECDC4FB /* Pods-RxSwift+MVVM.release.xcconfig */;
			buildSettings = {
				ASSETCATALOG_COMPILER_APPICON_NAME = AppIcon;
				ASSETCATALOG_COMPILER_GLOBAL_ACCENT_COLOR_NAME = AccentColor;
				CODE_SIGN_STYLE = Automatic;
				INFOPLIST_FILE = "RxSwift+MVVM/App/info.plist";
				LD_RUNPATH_SEARCH_PATHS = (
					"$(inherited)",
					"@executable_path/Frameworks",
				);
				PRODUCT_BUNDLE_IDENTIFIER = "timur.RxSwift-MVVM";
				PRODUCT_NAME = "$(TARGET_NAME)";
				SWIFT_VERSION = 5.0;
				TARGETED_DEVICE_FAMILY = "1,2";
			};
			name = Release;
		};
/* End XCBuildConfiguration section */

/* Begin XCConfigurationList section */
		C51E7B71257FB662003C9BED /* Build configuration list for PBXNativeTarget "RxSwift+MVVMTests" */ = {
			isa = XCConfigurationList;
			buildConfigurations = (
				C51E7B72257FB662003C9BED /* Debug */,
				C51E7B73257FB662003C9BED /* Release */,
			);
			defaultConfigurationIsVisible = 0;
			defaultConfigurationName = Release;
		};
		C56296E02569084400A79A93 /* Build configuration list for PBXProject "RxSwift+MVVM" */ = {
			isa = XCConfigurationList;
			buildConfigurations = (
				C56296F72569084400A79A93 /* Debug */,
				C56296F82569084400A79A93 /* Release */,
			);
			defaultConfigurationIsVisible = 0;
			defaultConfigurationName = Release;
		};
		C56296F92569084400A79A93 /* Build configuration list for PBXNativeTarget "RxSwift+MVVM" */ = {
			isa = XCConfigurationList;
			buildConfigurations = (
				C56296FA2569084400A79A93 /* Debug */,
				C56296FB2569084400A79A93 /* Release */,
			);
			defaultConfigurationIsVisible = 0;
			defaultConfigurationName = Release;
		};
/* End XCConfigurationList section */
	};
	rootObject = C56296DD2569084400A79A93 /* Project object */;
}
